
Microsoft Visual Studio Solution File, Format Version 12.00
# Visual Studio Version 16
VisualStudioVersion = 16.0.30611.23
MinimumVisualStudioVersion = 10.0.40219.1
Project("{FAE04EC0-301F-11D3-BF4B-00C04F79EFBC}") = "TaskMain", "TaskMain\TaskMain.csproj", "{D8DE24F0-29F8-42F5-926F-DC2E027FB51C}"
EndProject
Global
	GlobalSection(SolutionConfigurationPlatforms) = preSolution
		Debug|Any CPU = Debug|Any CPU
		Release|Any CPU = Release|Any CPU
	EndGlobalSection
	GlobalSection(ProjectConfigurationPlatforms) = postSolution
		{D8DE24F0-29F8-42F5-926F-DC2E027FB51C}.Debug|Any CPU.ActiveCfg = Debug|Any CPU
		{D8DE24F0-29F8-42F5-926F-DC2E027FB51C}.Debug|Any CPU.Build.0 = Debug|Any CPU
		{D8DE24F0-29F8-42F5-926F-DC2E027FB51C}.Release|Any CPU.ActiveCfg = Release|Any CPU
		{D8DE24F0-29F8-42F5-926F-DC2E027FB51C}.Release|Any CPU.Build.0 = Release|Any CPU
	EndGlobalSection
	GlobalSection(SolutionProperties) = preSolution
		HideSolutionNode = FALSE
	EndGlobalSection
	GlobalSection(ExtensibilityGlobals) = postSolution
		SolutionGuid = {69CC7A5D-493D-4193-A34D-D16BB3A06AE6}
	EndGlobalSection
EndGlobal
